// !$*UTF8*$!
{
	archiveVersion = 1;
	classes = {
	};
	objectVersion = 50;
	objects = {

/* Begin PBXBuildFile section */
		133C4E9E227C424A00357346 /* AppDelegate.swift in Sources */ = {isa = PBXBuildFile; fileRef = 133C4E9D227C424A00357346 /* AppDelegate.swift */; };
		133C4EA0227C424A00357346 /* ViewController.swift in Sources */ = {isa = PBXBuildFile; fileRef = 133C4E9F227C424A00357346 /* ViewController.swift */; };
		133C4EA3227C424A00357346 /* Main.storyboard in Resources */ = {isa = PBXBuildFile; fileRef = 133C4EA1227C424A00357346 /* Main.storyboard */; };
		133C4EA5227C424B00357346 /* Assets.xcassets in Resources */ = {isa = PBXBuildFile; fileRef = 133C4EA4227C424B00357346 /* Assets.xcassets */; };
		133C4EA8227C424B00357346 /* LaunchScreen.storyboard in Resources */ = {isa = PBXBuildFile; fileRef = 133C4EA6227C424B00357346 /* LaunchScreen.storyboard */; };
		133C4EB2227C42DD00357346 /* CustomAnnotation.swift in Sources */ = {isa = PBXBuildFile; fileRef = 133C4EAF227C42DD00357346 /* CustomAnnotation.swift */; };
		133C4EB3227C42DD00357346 /* MapViewController.swift in Sources */ = {isa = PBXBuildFile; fileRef = 133C4EB0227C42DD00357346 /* MapViewController.swift */; };
		133C4EB4227C42DD00357346 /* SecondViewController.swift in Sources */ = {isa = PBXBuildFile; fileRef = 133C4EB1227C42DD00357346 /* SecondViewController.swift */; };
		214FA714C285ED65D3E6F3FD /* Pods_FitnessApp.framework in Frameworks */ = {isa = PBXBuildFile; fileRef = AF7B5B354B218AF8ED45370B /* Pods_FitnessApp.framework */; };
		A3E1CEB22282D8C700F0E9F1 /* LoginViewController.swift in Sources */ = {isa = PBXBuildFile; fileRef = A3E1CEB12282D8C700F0E9F1 /* LoginViewController.swift */; };
		A3E1CEB42282DC0800F0E9F1 /* AppContainerViewController.swift in Sources */ = {isa = PBXBuildFile; fileRef = A3E1CEB32282DC0800F0E9F1 /* AppContainerViewController.swift */; };
		E2BFBAC02282CFCF00D428E6 /* GoogleService-Info.plist in Resources */ = {isa = PBXBuildFile; fileRef = E2BFBABF2282CFCF00D428E6 /* GoogleService-Info.plist */; };
		E2BFBAC22282DEB200D428E6 /* AppManager.swift in Sources */ = {isa = PBXBuildFile; fileRef = E2BFBAC12282DEB200D428E6 /* AppManager.swift */; };
/* End PBXBuildFile section */

/* Begin PBXFileReference section */
		133C4E9A227C424A00357346 /* FitnessApp.app */ = {isa = PBXFileReference; explicitFileType = wrapper.application; includeInIndex = 0; path = FitnessApp.app; sourceTree = BUILT_PRODUCTS_DIR; };
		133C4E9D227C424A00357346 /* AppDelegate.swift */ = {isa = PBXFileReference; lastKnownFileType = sourcecode.swift; path = AppDelegate.swift; sourceTree = "<group>"; };
		133C4E9F227C424A00357346 /* ViewController.swift */ = {isa = PBXFileReference; lastKnownFileType = sourcecode.swift; path = ViewController.swift; sourceTree = "<group>"; };
		133C4EA2227C424A00357346 /* Base */ = {isa = PBXFileReference; lastKnownFileType = file.storyboard; name = Base; path = Base.lproj/Main.storyboard; sourceTree = "<group>"; };
		133C4EA4227C424B00357346 /* Assets.xcassets */ = {isa = PBXFileReference; lastKnownFileType = folder.assetcatalog; path = Assets.xcassets; sourceTree = "<group>"; };
		133C4EA7227C424B00357346 /* Base */ = {isa = PBXFileReference; lastKnownFileType = file.storyboard; name = Base; path = Base.lproj/LaunchScreen.storyboard; sourceTree = "<group>"; };
		133C4EA9227C424B00357346 /* Info.plist */ = {isa = PBXFileReference; lastKnownFileType = text.plist.xml; path = Info.plist; sourceTree = "<group>"; };
		133C4EAF227C42DD00357346 /* CustomAnnotation.swift */ = {isa = PBXFileReference; fileEncoding = 4; lastKnownFileType = sourcecode.swift; path = CustomAnnotation.swift; sourceTree = "<group>"; };
		133C4EB0227C42DD00357346 /* MapViewController.swift */ = {isa = PBXFileReference; fileEncoding = 4; lastKnownFileType = sourcecode.swift; path = MapViewController.swift; sourceTree = "<group>"; };
		133C4EB1227C42DD00357346 /* SecondViewController.swift */ = {isa = PBXFileReference; fileEncoding = 4; lastKnownFileType = sourcecode.swift; path = SecondViewController.swift; sourceTree = "<group>"; };
		4BCA99D3E9A7FA0E15769C10 /* Pods-FitnessApp.release.xcconfig */ = {isa = PBXFileReference; includeInIndex = 1; lastKnownFileType = text.xcconfig; name = "Pods-FitnessApp.release.xcconfig"; path = "Pods/Target Support Files/Pods-FitnessApp/Pods-FitnessApp.release.xcconfig"; sourceTree = "<group>"; };
		A3E1CEB12282D8C700F0E9F1 /* LoginViewController.swift */ = {isa = PBXFileReference; lastKnownFileType = sourcecode.swift; path = LoginViewController.swift; sourceTree = "<group>"; };
		A3E1CEB32282DC0800F0E9F1 /* AppContainerViewController.swift */ = {isa = PBXFileReference; lastKnownFileType = sourcecode.swift; path = AppContainerViewController.swift; sourceTree = "<group>"; };
		AF7B5B354B218AF8ED45370B /* Pods_FitnessApp.framework */ = {isa = PBXFileReference; explicitFileType = wrapper.framework; includeInIndex = 0; path = Pods_FitnessApp.framework; sourceTree = BUILT_PRODUCTS_DIR; };
		E2BFBABF2282CFCF00D428E6 /* GoogleService-Info.plist */ = {isa = PBXFileReference; fileEncoding = 4; lastKnownFileType = text.plist.xml; path = "GoogleService-Info.plist"; sourceTree = "<group>"; };
		E2BFBAC12282DEB200D428E6 /* AppManager.swift */ = {isa = PBXFileReference; lastKnownFileType = sourcecode.swift; path = AppManager.swift; sourceTree = "<group>"; };
		E89266066D151A0AEC3F04BD /* Pods-FitnessApp.debug.xcconfig */ = {isa = PBXFileReference; includeInIndex = 1; lastKnownFileType = text.xcconfig; name = "Pods-FitnessApp.debug.xcconfig"; path = "Pods/Target Support Files/Pods-FitnessApp/Pods-FitnessApp.debug.xcconfig"; sourceTree = "<group>"; };
/* End PBXFileReference section */

/* Begin PBXFrameworksBuildPhase section */
		133C4E97227C424A00357346 /* Frameworks */ = {
			isa = PBXFrameworksBuildPhase;
			buildActionMask = 2147483647;
			files = (
				214FA714C285ED65D3E6F3FD /* Pods_FitnessApp.framework in Frameworks */,
			);
			runOnlyForDeploymentPostprocessing = 0;
		};
/* End PBXFrameworksBuildPhase section */

/* Begin PBXGroup section */
		133C4E91227C424A00357346 = {
			isa = PBXGroup;
			children = (
				133C4E9C227C424A00357346 /* FitnessApp */,
				133C4E9B227C424A00357346 /* Products */,
				754885117492B430A3EF505E /* Pods */,
				BC918E4098994ADFCBB34D79 /* Frameworks */,
			);
			sourceTree = "<group>";
		};
		133C4E9B227C424A00357346 /* Products */ = {
			isa = PBXGroup;
			children = (
				133C4E9A227C424A00357346 /* FitnessApp.app */,
			);
			name = Products;
			sourceTree = "<group>";
		};
		133C4E9C227C424A00357346 /* FitnessApp */ = {
			isa = PBXGroup;
			children = (
				133C4E9D227C424A00357346 /* AppDelegate.swift */,
				133C4EAF227C42DD00357346 /* CustomAnnotation.swift */,
				133C4EB0227C42DD00357346 /* MapViewController.swift */,
				133C4EB1227C42DD00357346 /* SecondViewController.swift */,
				133C4E9F227C424A00357346 /* ViewController.swift */,
				133C4EA1227C424A00357346 /* Main.storyboard */,
				A3E1CEB32282DC0800F0E9F1 /* AppContainerViewController.swift */,
				E2BFBAC12282DEB200D428E6 /* AppManager.swift */,
				A3E1CEB12282D8C700F0E9F1 /* LoginViewController.swift */,
				133C4EA4227C424B00357346 /* Assets.xcassets */,
				133C4EA6227C424B00357346 /* LaunchScreen.storyboard */,
				E2BFBABF2282CFCF00D428E6 /* GoogleService-Info.plist */,
				133C4EA9227C424B00357346 /* Info.plist */,
			);
			path = FitnessApp;
			sourceTree = "<group>";
		};
		754885117492B430A3EF505E /* Pods */ = {
			isa = PBXGroup;
			children = (
				E89266066D151A0AEC3F04BD /* Pods-FitnessApp.debug.xcconfig */,
				4BCA99D3E9A7FA0E15769C10 /* Pods-FitnessApp.release.xcconfig */,
			);
			name = Pods;
			sourceTree = "<group>";
		};
		BC918E4098994ADFCBB34D79 /* Frameworks */ = {
			isa = PBXGroup;
			children = (
				AF7B5B354B218AF8ED45370B /* Pods_FitnessApp.framework */,
			);
			name = Frameworks;
			sourceTree = "<group>";
		};
/* End PBXGroup section */

/* Begin PBXNativeTarget section */
		133C4E99227C424A00357346 /* FitnessApp */ = {
			isa = PBXNativeTarget;
			buildConfigurationList = 133C4EAC227C424B00357346 /* Build configuration list for PBXNativeTarget "FitnessApp" */;
			buildPhases = (
				BECEADC5B0F9981CCA07E58D /* [CP] Check Pods Manifest.lock */,
				133C4E96227C424A00357346 /* Sources */,
				133C4E97227C424A00357346 /* Frameworks */,
				133C4E98227C424A00357346 /* Resources */,
				FAD1774CB1DDE39300D47314 /* [CP] Embed Pods Frameworks */,
			);
			buildRules = (
			);
			dependencies = (
			);
			name = FitnessApp;
			productName = FitnessApp;
			productReference = 133C4E9A227C424A00357346 /* FitnessApp.app */;
			productType = "com.apple.product-type.application";
		};
/* End PBXNativeTarget section */

/* Begin PBXProject section */
		133C4E92227C424A00357346 /* Project object */ = {
			isa = PBXProject;
			attributes = {
				LastSwiftUpdateCheck = 1000;
				LastUpgradeCheck = 1000;
				ORGANIZATIONNAME = "Daniel Dodds (s5119004)";
				TargetAttributes = {
					133C4E99227C424A00357346 = {
						CreatedOnToolsVersion = 10.0;
					};
				};
			};
			buildConfigurationList = 133C4E95227C424A00357346 /* Build configuration list for PBXProject "FitnessApp" */;
			compatibilityVersion = "Xcode 9.3";
			developmentRegion = en;
			hasScannedForEncodings = 0;
			knownRegions = (
				en,
				Base,
			);
			mainGroup = 133C4E91227C424A00357346;
			productRefGroup = 133C4E9B227C424A00357346 /* Products */;
			projectDirPath = "";
			projectRoot = "";
			targets = (
				133C4E99227C424A00357346 /* FitnessApp */,
			);
		};
/* End PBXProject section */

/* Begin PBXResourcesBuildPhase section */
		133C4E98227C424A00357346 /* Resources */ = {
			isa = PBXResourcesBuildPhase;
			buildActionMask = 2147483647;
			files = (
				133C4EA8227C424B00357346 /* LaunchScreen.storyboard in Resources */,
				E2BFBAC02282CFCF00D428E6 /* GoogleService-Info.plist in Resources */,
				133C4EA5227C424B00357346 /* Assets.xcassets in Resources */,
				133C4EA3227C424A00357346 /* Main.storyboard in Resources */,
			);
			runOnlyForDeploymentPostprocessing = 0;
		};
/* End PBXResourcesBuildPhase section */

/* Begin PBXShellScriptBuildPhase section */
		BECEADC5B0F9981CCA07E58D /* [CP] Check Pods Manifest.lock */ = {
			isa = PBXShellScriptBuildPhase;
			buildActionMask = 2147483647;
			files = (
			);
			inputFileListPaths = (
			);
			inputPaths = (
				"${PODS_PODFILE_DIR_PATH}/Podfile.lock",
				"${PODS_ROOT}/Manifest.lock",
			);
			name = "[CP] Check Pods Manifest.lock";
			outputFileListPaths = (
			);
			outputPaths = (
				"$(DERIVED_FILE_DIR)/Pods-FitnessApp-checkManifestLockResult.txt",
			);
			runOnlyForDeploymentPostprocessing = 0;
			shellPath = /bin/sh;
			shellScript = "diff \"${PODS_PODFILE_DIR_PATH}/Podfile.lock\" \"${PODS_ROOT}/Manifest.lock\" > /dev/null\nif [ $? != 0 ] ; then\n    # print error to STDERR\n    echo \"error: The sandbox is not in sync with the Podfile.lock. Run 'pod install' or update your CocoaPods installation.\" >&2\n    exit 1\nfi\n# This output is used by Xcode 'outputs' to avoid re-running this script phase.\necho \"SUCCESS\" > \"${SCRIPT_OUTPUT_FILE_0}\"\n";
			showEnvVarsInLog = 0;
		};
		FAD1774CB1DDE39300D47314 /* [CP] Embed Pods Frameworks */ = {
			isa = PBXShellScriptBuildPhase;
			buildActionMask = 2147483647;
			files = (
			);
			inputFileListPaths = (
			);
			inputPaths = (
				"${SRCROOT}/Pods/Target Support Files/Pods-FitnessApp/Pods-FitnessApp-frameworks.sh",
				"${BUILT_PRODUCTS_DIR}/BoringSSL-GRPC/openssl_grpc.framework",
				"${BUILT_PRODUCTS_DIR}/GTMSessionFetcher/GTMSessionFetcher.framework",
				"${BUILT_PRODUCTS_DIR}/GoogleUtilities/GoogleUtilities.framework",
				"${BUILT_PRODUCTS_DIR}/Protobuf/Protobuf.framework",
				"${BUILT_PRODUCTS_DIR}/gRPC-C++/grpcpp.framework",
				"${BUILT_PRODUCTS_DIR}/gRPC-Core/grpc.framework",
				"${BUILT_PRODUCTS_DIR}/leveldb-library/leveldb.framework",
				"${BUILT_PRODUCTS_DIR}/nanopb/nanopb.framework",
			);
			name = "[CP] Embed Pods Frameworks";
			outputFileListPaths = (
			);
			outputPaths = (
				"${TARGET_BUILD_DIR}/${FRAMEWORKS_FOLDER_PATH}/openssl_grpc.framework",
				"${TARGET_BUILD_DIR}/${FRAMEWORKS_FOLDER_PATH}/GTMSessionFetcher.framework",
				"${TARGET_BUILD_DIR}/${FRAMEWORKS_FOLDER_PATH}/GoogleUtilities.framework",
				"${TARGET_BUILD_DIR}/${FRAMEWORKS_FOLDER_PATH}/Protobuf.framework",
				"${TARGET_BUILD_DIR}/${FRAMEWORKS_FOLDER_PATH}/grpcpp.framework",
				"${TARGET_BUILD_DIR}/${FRAMEWORKS_FOLDER_PATH}/grpc.framework",
				"${TARGET_BUILD_DIR}/${FRAMEWORKS_FOLDER_PATH}/leveldb.framework",
				"${TARGET_BUILD_DIR}/${FRAMEWORKS_FOLDER_PATH}/nanopb.framework",
			);
			runOnlyForDeploymentPostprocessing = 0;
			shellPath = /bin/sh;
			shellScript = "\"${SRCROOT}/Pods/Target Support Files/Pods-FitnessApp/Pods-FitnessApp-frameworks.sh\"\n";
			showEnvVarsInLog = 0;
		};
/* End PBXShellScriptBuildPhase section */

/* Begin PBXSourcesBuildPhase section */
		133C4E96227C424A00357346 /* Sources */ = {
			isa = PBXSourcesBuildPhase;
			buildActionMask = 2147483647;
			files = (
				A3E1CEB22282D8C700F0E9F1 /* LoginViewController.swift in Sources */,
				133C4EA0227C424A00357346 /* ViewController.swift in Sources */,
				133C4E9E227C424A00357346 /* AppDelegate.swift in Sources */,
				133C4EB2227C42DD00357346 /* CustomAnnotation.swift in Sources */,
				133C4EB4227C42DD00357346 /* SecondViewController.swift in Sources */,
				133C4EB3227C42DD00357346 /* MapViewController.swift in Sources */,
				A3E1CEB42282DC0800F0E9F1 /* AppContainerViewController.swift in Sources */,
				E2BFBAC22282DEB200D428E6 /* AppManager.swift in Sources */,
			);
			runOnlyForDeploymentPostprocessing = 0;
		};
/* End PBXSourcesBuildPhase section */

/* Begin PBXVariantGroup section */
		133C4EA1227C424A00357346 /* Main.storyboard */ = {
			isa = PBXVariantGroup;
			children = (
				133C4EA2227C424A00357346 /* Base */,
			);
			name = Main.storyboard;
			sourceTree = "<group>";
		};
		133C4EA6227C424B00357346 /* LaunchScreen.storyboard */ = {
			isa = PBXVariantGroup;
			children = (
				133C4EA7227C424B00357346 /* Base */,
			);
			name = LaunchScreen.storyboard;
			sourceTree = "<group>";
		};
/* End PBXVariantGroup section */

/* Begin XCBuildConfiguration section */
		133C4EAA227C424B00357346 /* Debug */ = {
			isa = XCBuildConfiguration;
			buildSettings = {
				ALWAYS_SEARCH_USER_PATHS = NO;
				CLANG_ANALYZER_NONNULL = YES;
				CLANG_ANALYZER_NUMBER_OBJECT_CONVERSION = YES_AGGRESSIVE;
				CLANG_CXX_LANGUAGE_STANDARD = "gnu++14";
				CLANG_CXX_LIBRARY = "libc++";
				CLANG_ENABLE_MODULES = YES;
				CLANG_ENABLE_OBJC_ARC = YES;
				CLANG_ENABLE_OBJC_WEAK = YES;
				CLANG_WARN_BLOCK_CAPTURE_AUTORELEASING = YES;
				CLANG_WARN_BOOL_CONVERSION = YES;
				CLANG_WARN_COMMA = YES;
				CLANG_WARN_CONSTANT_CONVERSION = YES;
				CLANG_WARN_DEPRECATED_OBJC_IMPLEMENTATIONS = YES;
				CLANG_WARN_DIRECT_OBJC_ISA_USAGE = YES_ERROR;
				CLANG_WARN_DOCUMENTATION_COMMENTS = YES;
				CLANG_WARN_EMPTY_BODY = YES;
				CLANG_WARN_ENUM_CONVERSION = YES;
				CLANG_WARN_INFINITE_RECURSION = YES;
				CLANG_WARN_INT_CONVERSION = YES;
				CLANG_WARN_NON_LITERAL_NULL_CONVERSION = YES;
				CLANG_WARN_OBJC_IMPLICIT_RETAIN_SELF = YES;
				CLANG_WARN_OBJC_LITERAL_CONVERSION = YES;
				CLANG_WARN_OBJC_ROOT_CLASS = YES_ERROR;
				CLANG_WARN_RANGE_LOOP_ANALYSIS = YES;
				CLANG_WARN_STRICT_PROTOTYPES = YES;
				CLANG_WARN_SUSPICIOUS_MOVE = YES;
				CLANG_WARN_UNGUARDED_AVAILABILITY = YES_AGGRESSIVE;
				CLANG_WARN_UNREACHABLE_CODE = YES;
				CLANG_WARN__DUPLICATE_METHOD_MATCH = YES;
				CODE_SIGN_IDENTITY = "iPhone Developer";
				COPY_PHASE_STRIP = NO;
				DEBUG_INFORMATION_FORMAT = dwarf;
				ENABLE_STRICT_OBJC_MSGSEND = YES;
				ENABLE_TESTABILITY = YES;
				GCC_C_LANGUAGE_STANDARD = gnu11;
				GCC_DYNAMIC_NO_PIC = NO;
				GCC_NO_COMMON_BLOCKS = YES;
				GCC_OPTIMIZATION_LEVEL = 0;
				GCC_PREPROCESSOR_DEFINITIONS = (
					"DEBUG=1",
					"$(inherited)",
				);
				GCC_WARN_64_TO_32_BIT_CONVERSION = YES;
				GCC_WARN_ABOUT_RETURN_TYPE = YES_ERROR;
				GCC_WARN_UNDECLARED_SELECTOR = YES;
				GCC_WARN_UNINITIALIZED_AUTOS = YES_AGGRESSIVE;
				GCC_WARN_UNUSED_FUNCTION = YES;
				GCC_WARN_UNUSED_VARIABLE = YES;
				IPHONEOS_DEPLOYMENT_TARGET = 12.0;
				MTL_ENABLE_DEBUG_INFO = INCLUDE_SOURCE;
				MTL_FAST_MATH = YES;
				ONLY_ACTIVE_ARCH = YES;
				SDKROOT = iphoneos;
				SWIFT_ACTIVE_COMPILATION_CONDITIONS = DEBUG;
				SWIFT_OPTIMIZATION_LEVEL = "-Onone";
			};
			name = Debug;
		};
		133C4EAB227C424B00357346 /* Release */ = {
			isa = XCBuildConfiguration;
			buildSettings = {
				ALWAYS_SEARCH_USER_PATHS = NO;
				CLANG_ANALYZER_NONNULL = YES;
				CLANG_ANALYZER_NUMBER_OBJECT_CONVERSION = YES_AGGRESSIVE;
				CLANG_CXX_LANGUAGE_STANDARD = "gnu++14";
				CLANG_CXX_LIBRARY = "libc++";
				CLANG_ENABLE_MODULES = YES;
				CLANG_ENABLE_OBJC_ARC = YES;
				CLANG_ENABLE_OBJC_WEAK = YES;
				CLANG_WARN_BLOCK_CAPTURE_AUTORELEASING = YES;
				CLANG_WARN_BOOL_CONVERSION = YES;
				CLANG_WARN_COMMA = YES;
				CLANG_WARN_CONSTANT_CONVERSION = YES;
				CLANG_WARN_DEPRECATED_OBJC_IMPLEMENTATIONS = YES;
				CLANG_WARN_DIRECT_OBJC_ISA_USAGE = YES_ERROR;
				CLANG_WARN_DOCUMENTATION_COMMENTS = YES;
				CLANG_WARN_EMPTY_BODY = YES;
				CLANG_WARN_ENUM_CONVERSION = YES;
				CLANG_WARN_INFINITE_RECURSION = YES;
				CLANG_WARN_INT_CONVERSION = YES;
				CLANG_WARN_NON_LITERAL_NULL_CONVERSION = YES;
				CLANG_WARN_OBJC_IMPLICIT_RETAIN_SELF = YES;
				CLANG_WARN_OBJC_LITERAL_CONVERSION = YES;
				CLANG_WARN_OBJC_ROOT_CLASS = YES_ERROR;
				CLANG_WARN_RANGE_LOOP_ANALYSIS = YES;
				CLANG_WARN_STRICT_PROTOTYPES = YES;
				CLANG_WARN_SUSPICIOUS_MOVE = YES;
				CLANG_WARN_UNGUARDED_AVAILABILITY = YES_AGGRESSIVE;
				CLANG_WARN_UNREACHABLE_CODE = YES;
				CLANG_WARN__DUPLICATE_METHOD_MATCH = YES;
				CODE_SIGN_IDENTITY = "iPhone Developer";
				COPY_PHASE_STRIP = NO;
				DEBUG_INFORMATION_FORMAT = "dwarf-with-dsym";
				ENABLE_NS_ASSERTIONS = NO;
				ENABLE_STRICT_OBJC_MSGSEND = YES;
				GCC_C_LANGUAGE_STANDARD = gnu11;
				GCC_NO_COMMON_BLOCKS = YES;
				GCC_WARN_64_TO_32_BIT_CONVERSION = YES;
				GCC_WARN_ABOUT_RETURN_TYPE = YES_ERROR;
				GCC_WARN_UNDECLARED_SELECTOR = YES;
				GCC_WARN_UNINITIALIZED_AUTOS = YES_AGGRESSIVE;
				GCC_WARN_UNUSED_FUNCTION = YES;
				GCC_WARN_UNUSED_VARIABLE = YES;
				IPHONEOS_DEPLOYMENT_TARGET = 12.0;
				MTL_ENABLE_DEBUG_INFO = NO;
				MTL_FAST_MATH = YES;
				SDKROOT = iphoneos;
				SWIFT_COMPILATION_MODE = wholemodule;
				SWIFT_OPTIMIZATION_LEVEL = "-O";
				VALIDATE_PRODUCT = YES;
			};
			name = Release;
		};
		133C4EAD227C424B00357346 /* Debug */ = {
			isa = XCBuildConfiguration;
			baseConfigurationReference = E89266066D151A0AEC3F04BD /* Pods-FitnessApp.debug.xcconfig */;
			buildSettings = {
				ASSETCATALOG_COMPILER_APPICON_NAME = AppIcon;
				CODE_SIGN_STYLE = Automatic;
				INFOPLIST_FILE = FitnessApp/Info.plist;
				LD_RUNPATH_SEARCH_PATHS = (
					"$(inherited)",
					"@executable_path/Frameworks",
				);
				PRODUCT_BUNDLE_IDENTIFIER = danieldodds.FitnessApp;
				PRODUCT_NAME = "$(TARGET_NAME)";
				SWIFT_VERSION = 4.2;
				TARGETED_DEVICE_FAMILY = "1,2";
			};
			name = Debug;
		};
		133C4EAE227C424B00357346 /* Release */ = {
			isa = XCBuildConfiguration;
			baseConfigurationReference = 4BCA99D3E9A7FA0E15769C10 /* Pods-FitnessApp.release.xcconfig */;
			buildSettings = {
				ASSETCATALOG_COMPILER_APPICON_NAME = AppIcon;
				CODE_SIGN_STYLE = Automatic;
				INFOPLIST_FILE = FitnessApp/Info.plist;
				LD_RUNPATH_SEARCH_PATHS = (
					"$(inherited)",
					"@executable_path/Frameworks",
				);
				PRODUCT_BUNDLE_IDENTIFIER = danieldodds.FitnessApp;
				PRODUCT_NAME = "$(TARGET_NAME)";
				SWIFT_VERSION = 4.2;
				TARGETED_DEVICE_FAMILY = "1,2";
			};
			name = Release;
		};
/* End XCBuildConfiguration section */

/* Begin XCConfigurationList section */
		133C4E95227C424A00357346 /* Build configuration list for PBXProject "FitnessApp" */ = {
			isa = XCConfigurationList;
			buildConfigurations = (
				133C4EAA227C424B00357346 /* Debug */,
				133C4EAB227C424B00357346 /* Release */,
			);
			defaultConfigurationIsVisible = 0;
			defaultConfigurationName = Release;
		};
		133C4EAC227C424B00357346 /* Build configuration list for PBXNativeTarget "FitnessApp" */ = {
			isa = XCConfigurationList;
			buildConfigurations = (
				133C4EAD227C424B00357346 /* Debug */,
				133C4EAE227C424B00357346 /* Release */,
			);
			defaultConfigurationIsVisible = 0;
			defaultConfigurationName = Release;
		};
/* End XCConfigurationList section */
	};
	rootObject = 133C4E92227C424A00357346 /* Project object */;
}
